// !$*UTF8*$!
{
	archiveVersion = 1;
	classes = {
	};
	objectVersion = 56;
	objects = {

/* Begin PBXBuildFile section */
		772D87FC2A9A056100F0D253 /* FeedVC.swift in Sources */ = {isa = PBXBuildFile; fileRef = 772D87FB2A9A056100F0D253 /* FeedVC.swift */; };
		772D87FE2A9A057200F0D253 /* UploadVC.swift in Sources */ = {isa = PBXBuildFile; fileRef = 772D87FD2A9A057200F0D253 /* UploadVC.swift */; };
		772D88002A9A057E00F0D253 /* SettingsVC.swift in Sources */ = {isa = PBXBuildFile; fileRef = 772D87FF2A9A057E00F0D253 /* SettingsVC.swift */; };
		772D88042A9A4CA500F0D253 /* FeedCell.swift in Sources */ = {isa = PBXBuildFile; fileRef = 772D88032A9A4CA500F0D253 /* FeedCell.swift */; };
		777468A52A98D1500060CEFC /* AppDelegate.swift in Sources */ = {isa = PBXBuildFile; fileRef = 777468A42A98D1500060CEFC /* AppDelegate.swift */; };
		777468A72A98D1500060CEFC /* SceneDelegate.swift in Sources */ = {isa = PBXBuildFile; fileRef = 777468A62A98D1500060CEFC /* SceneDelegate.swift */; };
		777468A92A98D1500060CEFC /* ViewController.swift in Sources */ = {isa = PBXBuildFile; fileRef = 777468A82A98D1500060CEFC /* ViewController.swift */; };
		777468AC2A98D1500060CEFC /* Main.storyboard in Resources */ = {isa = PBXBuildFile; fileRef = 777468AA2A98D1500060CEFC /* Main.storyboard */; };
		777468AE2A98D1510060CEFC /* Assets.xcassets in Resources */ = {isa = PBXBuildFile; fileRef = 777468AD2A98D1510060CEFC /* Assets.xcassets */; };
		777468B12A98D1510060CEFC /* LaunchScreen.storyboard in Resources */ = {isa = PBXBuildFile; fileRef = 777468AF2A98D1510060CEFC /* LaunchScreen.storyboard */; };
		777468B92A98D5980060CEFC /* GoogleService-Info.plist in Resources */ = {isa = PBXBuildFile; fileRef = 777468B82A98D5980060CEFC /* GoogleService-Info.plist */; };
		EDF6F55A42C5E3B195FA23E9 /* Pods_14_FirebaseInstaClone.framework in Frameworks */ = {isa = PBXBuildFile; fileRef = 8246F3B896D434CD4808A360 /* Pods_14_FirebaseInstaClone.framework */; };
/* End PBXBuildFile section */

/* Begin PBXFileReference section */
		772D87FB2A9A056100F0D253 /* FeedVC.swift */ = {isa = PBXFileReference; lastKnownFileType = sourcecode.swift; path = FeedVC.swift; sourceTree = "<group>"; };
		772D87FD2A9A057200F0D253 /* UploadVC.swift */ = {isa = PBXFileReference; lastKnownFileType = sourcecode.swift; path = UploadVC.swift; sourceTree = "<group>"; };
		772D87FF2A9A057E00F0D253 /* SettingsVC.swift */ = {isa = PBXFileReference; lastKnownFileType = sourcecode.swift; path = SettingsVC.swift; sourceTree = "<group>"; };
		772D88032A9A4CA500F0D253 /* FeedCell.swift */ = {isa = PBXFileReference; lastKnownFileType = sourcecode.swift; path = FeedCell.swift; sourceTree = "<group>"; };
		777468A12A98D1500060CEFC /* 14-FirebaseInstaClone.app */ = {isa = PBXFileReference; explicitFileType = wrapper.application; includeInIndex = 0; path = "14-FirebaseInstaClone.app"; sourceTree = BUILT_PRODUCTS_DIR; };
		777468A42A98D1500060CEFC /* AppDelegate.swift */ = {isa = PBXFileReference; lastKnownFileType = sourcecode.swift; path = AppDelegate.swift; sourceTree = "<group>"; };
		777468A62A98D1500060CEFC /* SceneDelegate.swift */ = {isa = PBXFileReference; lastKnownFileType = sourcecode.swift; path = SceneDelegate.swift; sourceTree = "<group>"; };
		777468A82A98D1500060CEFC /* ViewController.swift */ = {isa = PBXFileReference; lastKnownFileType = sourcecode.swift; path = ViewController.swift; sourceTree = "<group>"; };
		777468AB2A98D1500060CEFC /* Base */ = {isa = PBXFileReference; lastKnownFileType = file.storyboard; name = Base; path = Base.lproj/Main.storyboard; sourceTree = "<group>"; };
		777468AD2A98D1510060CEFC /* Assets.xcassets */ = {isa = PBXFileReference; lastKnownFileType = folder.assetcatalog; path = Assets.xcassets; sourceTree = "<group>"; };
		777468B02A98D1510060CEFC /* Base */ = {isa = PBXFileReference; lastKnownFileType = file.storyboard; name = Base; path = Base.lproj/LaunchScreen.storyboard; sourceTree = "<group>"; };
		777468B22A98D1510060CEFC /* Info.plist */ = {isa = PBXFileReference; lastKnownFileType = text.plist.xml; path = Info.plist; sourceTree = "<group>"; };
		777468B82A98D5980060CEFC /* GoogleService-Info.plist */ = {isa = PBXFileReference; fileEncoding = 4; lastKnownFileType = text.plist.xml; path = "GoogleService-Info.plist"; sourceTree = "<group>"; };
		8246F3B896D434CD4808A360 /* Pods_14_FirebaseInstaClone.framework */ = {isa = PBXFileReference; explicitFileType = wrapper.framework; includeInIndex = 0; path = Pods_14_FirebaseInstaClone.framework; sourceTree = BUILT_PRODUCTS_DIR; };
		9EF44A52C1211F5DF10DA573 /* Pods-14-FirebaseInstaClone.debug.xcconfig */ = {isa = PBXFileReference; includeInIndex = 1; lastKnownFileType = text.xcconfig; name = "Pods-14-FirebaseInstaClone.debug.xcconfig"; path = "Target Support Files/Pods-14-FirebaseInstaClone/Pods-14-FirebaseInstaClone.debug.xcconfig"; sourceTree = "<group>"; };
		F9871F3F656A92CB92D84C25 /* Pods-14-FirebaseInstaClone.release.xcconfig */ = {isa = PBXFileReference; includeInIndex = 1; lastKnownFileType = text.xcconfig; name = "Pods-14-FirebaseInstaClone.release.xcconfig"; path = "Target Support Files/Pods-14-FirebaseInstaClone/Pods-14-FirebaseInstaClone.release.xcconfig"; sourceTree = "<group>"; };
/* End PBXFileReference section */

/* Begin PBXFrameworksBuildPhase section */
		7774689E2A98D1500060CEFC /* Frameworks */ = {
			isa = PBXFrameworksBuildPhase;
			buildActionMask = 2147483647;
			files = (
				EDF6F55A42C5E3B195FA23E9 /* Pods_14_FirebaseInstaClone.framework in Frameworks */,
			);
			runOnlyForDeploymentPostprocessing = 0;
		};
/* End PBXFrameworksBuildPhase section */

/* Begin PBXGroup section */
		562A6FA348E6D0378CECF128 /* Pods */ = {
			isa = PBXGroup;
			children = (
				9EF44A52C1211F5DF10DA573 /* Pods-14-FirebaseInstaClone.debug.xcconfig */,
				F9871F3F656A92CB92D84C25 /* Pods-14-FirebaseInstaClone.release.xcconfig */,
			);
			path = Pods;
			sourceTree = "<group>";
		};
		777468982A98D1500060CEFC = {
			isa = PBXGroup;
			children = (
				777468A32A98D1500060CEFC /* 14-FirebaseInstaClone */,
				777468A22A98D1500060CEFC /* Products */,
				562A6FA348E6D0378CECF128 /* Pods */,
				A1A781AB6979B37421E77E98 /* Frameworks */,
			);
			sourceTree = "<group>";
		};
		777468A22A98D1500060CEFC /* Products */ = {
			isa = PBXGroup;
			children = (
				777468A12A98D1500060CEFC /* 14-FirebaseInstaClone.app */,
			);
			name = Products;
			sourceTree = "<group>";
		};
		777468A32A98D1500060CEFC /* 14-FirebaseInstaClone */ = {
			isa = PBXGroup;
			children = (
				777468A42A98D1500060CEFC /* AppDelegate.swift */,
				777468A62A98D1500060CEFC /* SceneDelegate.swift */,
				777468A82A98D1500060CEFC /* ViewController.swift */,
				772D87FF2A9A057E00F0D253 /* SettingsVC.swift */,
				772D87FB2A9A056100F0D253 /* FeedVC.swift */,
				772D88032A9A4CA500F0D253 /* FeedCell.swift */,
				772D87FD2A9A057200F0D253 /* UploadVC.swift */,
				777468AA2A98D1500060CEFC /* Main.storyboard */,
				777468AD2A98D1510060CEFC /* Assets.xcassets */,
				777468AF2A98D1510060CEFC /* LaunchScreen.storyboard */,
				777468B22A98D1510060CEFC /* Info.plist */,
				777468B82A98D5980060CEFC /* GoogleService-Info.plist */,
			);
			path = "14-FirebaseInstaClone";
			sourceTree = "<group>";
		};
		A1A781AB6979B37421E77E98 /* Frameworks */ = {
			isa = PBXGroup;
			children = (
				8246F3B896D434CD4808A360 /* Pods_14_FirebaseInstaClone.framework */,
			);
			name = Frameworks;
			sourceTree = "<group>";
		};
/* End PBXGroup section */

/* Begin PBXNativeTarget section */
		777468A02A98D1500060CEFC /* 14-FirebaseInstaClone */ = {
			isa = PBXNativeTarget;
			buildConfigurationList = 777468B52A98D1510060CEFC /* Build configuration list for PBXNativeTarget "14-FirebaseInstaClone" */;
			buildPhases = (
				B4C9FE17EA555F290375328A /* [CP] Check Pods Manifest.lock */,
				7774689D2A98D1500060CEFC /* Sources */,
				7774689E2A98D1500060CEFC /* Frameworks */,
				7774689F2A98D1500060CEFC /* Resources */,
				AB9FACF695D5916059A5BC8E /* [CP] Embed Pods Frameworks */,
			);
			buildRules = (
			);
			dependencies = (
			);
			name = "14-FirebaseInstaClone";
			productName = "14-FirebaseInstaClone";
			productReference = 777468A12A98D1500060CEFC /* 14-FirebaseInstaClone.app */;
			productType = "com.apple.product-type.application";
		};
/* End PBXNativeTarget section */

/* Begin PBXProject section */
		777468992A98D1500060CEFC /* Project object */ = {
			isa = PBXProject;
			attributes = {
				BuildIndependentTargetsInParallel = 1;
				LastSwiftUpdateCheck = 1430;
				LastUpgradeCheck = 1430;
				TargetAttributes = {
					777468A02A98D1500060CEFC = {
						CreatedOnToolsVersion = 14.3.1;
					};
				};
			};
			buildConfigurationList = 7774689C2A98D1500060CEFC /* Build configuration list for PBXProject "14-FirebaseInstaClone" */;
			compatibilityVersion = "Xcode 14.0";
			developmentRegion = en;
			hasScannedForEncodings = 0;
			knownRegions = (
				en,
				Base,
			);
			mainGroup = 777468982A98D1500060CEFC;
			productRefGroup = 777468A22A98D1500060CEFC /* Products */;
			projectDirPath = "";
			projectRoot = "";
			targets = (
				777468A02A98D1500060CEFC /* 14-FirebaseInstaClone */,
			);
		};
/* End PBXProject section */

/* Begin PBXResourcesBuildPhase section */
		7774689F2A98D1500060CEFC /* Resources */ = {
			isa = PBXResourcesBuildPhase;
			buildActionMask = 2147483647;
			files = (
				777468B12A98D1510060CEFC /* LaunchScreen.storyboard in Resources */,
				777468B92A98D5980060CEFC /* GoogleService-Info.plist in Resources */,
				777468AE2A98D1510060CEFC /* Assets.xcassets in Resources */,
				777468AC2A98D1500060CEFC /* Main.storyboard in Resources */,
			);
			runOnlyForDeploymentPostprocessing = 0;
		};
/* End PBXResourcesBuildPhase section */

/* Begin PBXShellScriptBuildPhase section */
		AB9FACF695D5916059A5BC8E /* [CP] Embed Pods Frameworks */ = {
			isa = PBXShellScriptBuildPhase;
			buildActionMask = 2147483647;
			files = (
			);
			inputFileListPaths = (
				"${PODS_ROOT}/Target Support Files/Pods-14-FirebaseInstaClone/Pods-14-FirebaseInstaClone-frameworks-${CONFIGURATION}-input-files.xcfilelist",
			);
			name = "[CP] Embed Pods Frameworks";
			outputFileListPaths = (
				"${PODS_ROOT}/Target Support Files/Pods-14-FirebaseInstaClone/Pods-14-FirebaseInstaClone-frameworks-${CONFIGURATION}-output-files.xcfilelist",
			);
			runOnlyForDeploymentPostprocessing = 0;
			shellPath = /bin/sh;
			shellScript = "\"${PODS_ROOT}/Target Support Files/Pods-14-FirebaseInstaClone/Pods-14-FirebaseInstaClone-frameworks.sh\"\n";
			showEnvVarsInLog = 0;
		};
		B4C9FE17EA555F290375328A /* [CP] Check Pods Manifest.lock */ = {
			isa = PBXShellScriptBuildPhase;
			buildActionMask = 2147483647;
			files = (
			);
			inputFileListPaths = (
			);
			inputPaths = (
				"${PODS_PODFILE_DIR_PATH}/Podfile.lock",
				"${PODS_ROOT}/Manifest.lock",
			);
			name = "[CP] Check Pods Manifest.lock";
			outputFileListPaths = (
			);
			outputPaths = (
				"$(DERIVED_FILE_DIR)/Pods-14-FirebaseInstaClone-checkManifestLockResult.txt",
			);
			runOnlyForDeploymentPostprocessing = 0;
			shellPath = /bin/sh;
			shellScript = "diff \"${PODS_PODFILE_DIR_PATH}/Podfile.lock\" \"${PODS_ROOT}/Manifest.lock\" > /dev/null\nif [ $? != 0 ] ; then\n    # print error to STDERR\n    echo \"error: The sandbox is not in sync with the Podfile.lock. Run 'pod install' or update your CocoaPods installation.\" >&2\n    exit 1\nfi\n# This output is used by Xcode 'outputs' to avoid re-running this script phase.\necho \"SUCCESS\" > \"${SCRIPT_OUTPUT_FILE_0}\"\n";
			showEnvVarsInLog = 0;
		};
/* End PBXShellScriptBuildPhase section */

/* Begin PBXSourcesBuildPhase section */
		7774689D2A98D1500060CEFC /* Sources */ = {
			isa = PBXSourcesBuildPhase;
			buildActionMask = 2147483647;
			files = (
				772D88042A9A4CA500F0D253 /* FeedCell.swift in Sources */,
				772D87FC2A9A056100F0D253 /* FeedVC.swift in Sources */,
				777468A92A98D1500060CEFC /* ViewController.swift in Sources */,
				777468A52A98D1500060CEFC /* AppDelegate.swift in Sources */,
				772D87FE2A9A057200F0D253 /* UploadVC.swift in Sources */,
				777468A72A98D1500060CEFC /* SceneDelegate.swift in Sources */,
				772D88002A9A057E00F0D253 /* SettingsVC.swift in Sources */,
			);
			runOnlyForDeploymentPostprocessing = 0;
		};
/* End PBXSourcesBuildPhase section */

/* Begin PBXVariantGroup section */
		777468AA2A98D1500060CEFC /* Main.storyboard */ = {
			isa = PBXVariantGroup;
			children = (
				777468AB2A98D1500060CEFC /* Base */,
			);
			name = Main.storyboard;
			sourceTree = "<group>";
		};
		777468AF2A98D1510060CEFC /* LaunchScreen.storyboard */ = {
			isa = PBXVariantGroup;
			children = (
				777468B02A98D1510060CEFC /* Base */,
			);
			name = LaunchScreen.storyboard;
			sourceTree = "<group>";
		};
/* End PBXVariantGroup section */

/* Begin XCBuildConfiguration section */
		777468B32A98D1510060CEFC /* Debug */ = {
			isa = XCBuildConfiguration;
			buildSettings = {
				ALWAYS_SEARCH_USER_PATHS = NO;
				CLANG_ANALYZER_NONNULL = YES;
				CLANG_ANALYZER_NUMBER_OBJECT_CONVERSION = YES_AGGRESSIVE;
				CLANG_CXX_LANGUAGE_STANDARD = "gnu++20";
				CLANG_ENABLE_MODULES = YES;
				CLANG_ENABLE_OBJC_ARC = YES;
				CLANG_ENABLE_OBJC_WEAK = YES;
				CLANG_WARN_BLOCK_CAPTURE_AUTORELEASING = YES;
				CLANG_WARN_BOOL_CONVERSION = YES;
				CLANG_WARN_COMMA = YES;
				CLANG_WARN_CONSTANT_CONVERSION = YES;
				CLANG_WARN_DEPRECATED_OBJC_IMPLEMENTATIONS = YES;
				CLANG_WARN_DIRECT_OBJC_ISA_USAGE = YES_ERROR;
				CLANG_WARN_DOCUMENTATION_COMMENTS = YES;
				CLANG_WARN_EMPTY_BODY = YES;
				CLANG_WARN_ENUM_CONVERSION = YES;
				CLANG_WARN_INFINITE_RECURSION = YES;
				CLANG_WARN_INT_CONVERSION = YES;
				CLANG_WARN_NON_LITERAL_NULL_CONVERSION = YES;
				CLANG_WARN_OBJC_IMPLICIT_RETAIN_SELF = YES;
				CLANG_WARN_OBJC_LITERAL_CONVERSION = YES;
				CLANG_WARN_OBJC_ROOT_CLASS = YES_ERROR;
				CLANG_WARN_QUOTED_INCLUDE_IN_FRAMEWORK_HEADER = YES;
				CLANG_WARN_RANGE_LOOP_ANALYSIS = YES;
				CLANG_WARN_STRICT_PROTOTYPES = YES;
				CLANG_WARN_SUSPICIOUS_MOVE = YES;
				CLANG_WARN_UNGUARDED_AVAILABILITY = YES_AGGRESSIVE;
				CLANG_WARN_UNREACHABLE_CODE = YES;
				CLANG_WARN__DUPLICATE_METHOD_MATCH = YES;
				COPY_PHASE_STRIP = NO;
				DEBUG_INFORMATION_FORMAT = dwarf;
				ENABLE_STRICT_OBJC_MSGSEND = YES;
				ENABLE_TESTABILITY = YES;
				GCC_C_LANGUAGE_STANDARD = gnu11;
				GCC_DYNAMIC_NO_PIC = NO;
				GCC_NO_COMMON_BLOCKS = YES;
				GCC_OPTIMIZATION_LEVEL = 0;
				GCC_PREPROCESSOR_DEFINITIONS = (
					"DEBUG=1",
					"$(inherited)",
				);
				GCC_WARN_64_TO_32_BIT_CONVERSION = YES;
				GCC_WARN_ABOUT_RETURN_TYPE = YES_ERROR;
				GCC_WARN_UNDECLARED_SELECTOR = YES;
				GCC_WARN_UNINITIALIZED_AUTOS = YES_AGGRESSIVE;
				GCC_WARN_UNUSED_FUNCTION = YES;
				GCC_WARN_UNUSED_VARIABLE = YES;
				IPHONEOS_DEPLOYMENT_TARGET = 16.4;
				MTL_ENABLE_DEBUG_INFO = INCLUDE_SOURCE;
				MTL_FAST_MATH = YES;
				ONLY_ACTIVE_ARCH = YES;
				SDKROOT = iphoneos;
				SWIFT_ACTIVE_COMPILATION_CONDITIONS = DEBUG;
				SWIFT_OPTIMIZATION_LEVEL = "-Onone";
			};
			name = Debug;
		};
		777468B42A98D1510060CEFC /* Release */ = {
			isa = XCBuildConfiguration;
			buildSettings = {
				ALWAYS_SEARCH_USER_PATHS = NO;
				CLANG_ANALYZER_NONNULL = YES;
				CLANG_ANALYZER_NUMBER_OBJECT_CONVERSION = YES_AGGRESSIVE;
				CLANG_CXX_LANGUAGE_STANDARD = "gnu++20";
				CLANG_ENABLE_MODULES = YES;
				CLANG_ENABLE_OBJC_ARC = YES;
				CLANG_ENABLE_OBJC_WEAK = YES;
				CLANG_WARN_BLOCK_CAPTURE_AUTORELEASING = YES;
				CLANG_WARN_BOOL_CONVERSION = YES;
				CLANG_WARN_COMMA = YES;
				CLANG_WARN_CONSTANT_CONVERSION = YES;
				CLANG_WARN_DEPRECATED_OBJC_IMPLEMENTATIONS = YES;
				CLANG_WARN_DIRECT_OBJC_ISA_USAGE = YES_ERROR;
				CLANG_WARN_DOCUMENTATION_COMMENTS = YES;
				CLANG_WARN_EMPTY_BODY = YES;
				CLANG_WARN_ENUM_CONVERSION = YES;
				CLANG_WARN_INFINITE_RECURSION = YES;
				CLANG_WARN_INT_CONVERSION = YES;
				CLANG_WARN_NON_LITERAL_NULL_CONVERSION = YES;
				CLANG_WARN_OBJC_IMPLICIT_RETAIN_SELF = YES;
				CLANG_WARN_OBJC_LITERAL_CONVERSION = YES;
				CLANG_WARN_OBJC_ROOT_CLASS = YES_ERROR;
				CLANG_WARN_QUOTED_INCLUDE_IN_FRAMEWORK_HEADER = YES;
				CLANG_WARN_RANGE_LOOP_ANALYSIS = YES;
				CLANG_WARN_STRICT_PROTOTYPES = YES;
				CLANG_WARN_SUSPICIOUS_MOVE = YES;
				CLANG_WARN_UNGUARDED_AVAILABILITY = YES_AGGRESSIVE;
				CLANG_WARN_UNREACHABLE_CODE = YES;
				CLANG_WARN__DUPLICATE_METHOD_MATCH = YES;
				COPY_PHASE_STRIP = NO;
				DEBUG_INFORMATION_FORMAT = "dwarf-with-dsym";
				ENABLE_NS_ASSERTIONS = NO;
				ENABLE_STRICT_OBJC_MSGSEND = YES;
				GCC_C_LANGUAGE_STANDARD = gnu11;
				GCC_NO_COMMON_BLOCKS = YES;
				GCC_WARN_64_TO_32_BIT_CONVERSION = YES;
				GCC_WARN_ABOUT_RETURN_TYPE = YES_ERROR;
				GCC_WARN_UNDECLARED_SELECTOR = YES;
				GCC_WARN_UNINITIALIZED_AUTOS = YES_AGGRESSIVE;
				GCC_WARN_UNUSED_FUNCTION = YES;
				GCC_WARN_UNUSED_VARIABLE = YES;
				IPHONEOS_DEPLOYMENT_TARGET = 16.4;
				MTL_ENABLE_DEBUG_INFO = NO;
				MTL_FAST_MATH = YES;
				SDKROOT = iphoneos;
				SWIFT_COMPILATION_MODE = wholemodule;
				SWIFT_OPTIMIZATION_LEVEL = "-O";
				VALIDATE_PRODUCT = YES;
			};
			name = Release;
		};
		777468B62A98D1510060CEFC /* Debug */ = {
			isa = XCBuildConfiguration;
			baseConfigurationReference = 9EF44A52C1211F5DF10DA573 /* Pods-14-FirebaseInstaClone.debug.xcconfig */;
			buildSettings = {
				ASSETCATALOG_COMPILER_APPICON_NAME = AppIcon;
				ASSETCATALOG_COMPILER_GLOBAL_ACCENT_COLOR_NAME = AccentColor;
				CODE_SIGN_STYLE = Automatic;
				CURRENT_PROJECT_VERSION = 1;
				GENERATE_INFOPLIST_FILE = YES;
				INFOPLIST_FILE = "14-FirebaseInstaClone/Info.plist";
				INFOPLIST_KEY_UIApplicationSupportsIndirectInputEvents = YES;
				INFOPLIST_KEY_UILaunchStoryboardName = LaunchScreen;
				INFOPLIST_KEY_UIMainStoryboardFile = Main;
				INFOPLIST_KEY_UISupportedInterfaceOrientations_iPad = "UIInterfaceOrientationPortrait UIInterfaceOrientationPortraitUpsideDown UIInterfaceOrientationLandscapeLeft UIInterfaceOrientationLandscapeRight";
				INFOPLIST_KEY_UISupportedInterfaceOrientations_iPhone = "UIInterfaceOrientationPortrait UIInterfaceOrientationLandscapeLeft UIInterfaceOrientationLandscapeRight";
				LD_RUNPATH_SEARCH_PATHS = (
					"$(inherited)",
					"@executable_path/Frameworks",
				);
				MARKETING_VERSION = 1.0;
				PRODUCT_BUNDLE_IDENTIFIER = "com.berkeersiz.-4-FirebaseInstaClone";
				PRODUCT_NAME = "$(TARGET_NAME)";
				SWIFT_EMIT_LOC_STRINGS = YES;
				SWIFT_VERSION = 5.0;
				TARGETED_DEVICE_FAMILY = "1,2";
			};
			name = Debug;
		};
		777468B72A98D1510060CEFC /* Release */ = {
			isa = XCBuildConfiguration;
			baseConfigurationReference = F9871F3F656A92CB92D84C25 /* Pods-14-FirebaseInstaClone.release.xcconfig */;
			buildSettings = {
				ASSETCATALOG_COMPILER_APPICON_NAME = AppIcon;
				ASSETCATALOG_COMPILER_GLOBAL_ACCENT_COLOR_NAME = AccentColor;
				CODE_SIGN_STYLE = Automatic;
				CURRENT_PROJECT_VERSION = 1;
				GENERATE_INFOPLIST_FILE = YES;
				INFOPLIST_FILE = "14-FirebaseInstaClone/Info.plist";
				INFOPLIST_KEY_UIApplicationSupportsIndirectInputEvents = YES;
				INFOPLIST_KEY_UILaunchStoryboardName = LaunchScreen;
				INFOPLIST_KEY_UIMainStoryboardFile = Main;
				INFOPLIST_KEY_UISupportedInterfaceOrientations_iPad = "UIInterfaceOrientationPortrait UIInterfaceOrientationPortraitUpsideDown UIInterfaceOrientationLandscapeLeft UIInterfaceOrientationLandscapeRight";
				INFOPLIST_KEY_UISupportedInterfaceOrientations_iPhone = "UIInterfaceOrientationPortrait UIInterfaceOrientationLandscapeLeft UIInterfaceOrientationLandscapeRight";
				LD_RUNPATH_SEARCH_PATHS = (
					"$(inherited)",
					"@executable_path/Frameworks",
				);
				MARKETING_VERSION = 1.0;
				PRODUCT_BUNDLE_IDENTIFIER = "com.berkeersiz.-4-FirebaseInstaClone";
				PRODUCT_NAME = "$(TARGET_NAME)";
				SWIFT_EMIT_LOC_STRINGS = YES;
				SWIFT_VERSION = 5.0;
				TARGETED_DEVICE_FAMILY = "1,2";
			};
			name = Release;
		};
/* End XCBuildConfiguration section */

/* Begin XCConfigurationList section */
		7774689C2A98D1500060CEFC /* Build configuration list for PBXProject "14-FirebaseInstaClone" */ = {
			isa = XCConfigurationList;
			buildConfigurations = (
				777468B32A98D1510060CEFC /* Debug */,
				777468B42A98D1510060CEFC /* Release */,
			);
			defaultConfigurationIsVisible = 0;
			defaultConfigurationName = Release;
		};
		777468B52A98D1510060CEFC /* Build configuration list for PBXNativeTarget "14-FirebaseInstaClone" */ = {
			isa = XCConfigurationList;
			buildConfigurations = (
				777468B62A98D1510060CEFC /* Debug */,
				777468B72A98D1510060CEFC /* Release */,
			);
			defaultConfigurationIsVisible = 0;
			defaultConfigurationName = Release;
		};
/* End XCConfigurationList section */
	};
	rootObject = 777468992A98D1500060CEFC /* Project object */;
}
